// !$*UTF8*$!
{
	archiveVersion = 1;
	classes = {
	};
	objectVersion = 56;
	objects = {

/* Begin PBXBuildFile section */
		1FCCEF252BB06DCA0027F01B /* AppDelegate.swift in Sources */ = {isa = PBXBuildFile; fileRef = 1FCCEF242BB06DCA0027F01B /* AppDelegate.swift */; };
		1FCCEF272BB06DCA0027F01B /* SceneDelegate.swift in Sources */ = {isa = PBXBuildFile; fileRef = 1FCCEF262BB06DCA0027F01B /* SceneDelegate.swift */; };
		1FCCEF292BB06DCA0027F01B /* ViewController.swift in Sources */ = {isa = PBXBuildFile; fileRef = 1FCCEF282BB06DCA0027F01B /* ViewController.swift */; };
		1FCCEF2C2BB06DCA0027F01B /* Base in Resources */ = {isa = PBXBuildFile; fileRef = 1FCCEF2B2BB06DCA0027F01B /* Base */; };
		1FCCEF2F2BB06DCA0027F01B /* ToDoEveryday.xcdatamodeld in Sources */ = {isa = PBXBuildFile; fileRef = 1FCCEF2D2BB06DCA0027F01B /* ToDoEveryday.xcdatamodeld */; };
		1FCCEF312BB06DCB0027F01B /* Assets.xcassets in Resources */ = {isa = PBXBuildFile; fileRef = 1FCCEF302BB06DCB0027F01B /* Assets.xcassets */; };
		1FCCEF342BB06DCB0027F01B /* Base in Resources */ = {isa = PBXBuildFile; fileRef = 1FCCEF332BB06DCB0027F01B /* Base */; };
		1FCCEF3F2BB06DCB0027F01B /* ToDoEverydayTests.swift in Sources */ = {isa = PBXBuildFile; fileRef = 1FCCEF3E2BB06DCB0027F01B /* ToDoEverydayTests.swift */; };
		1FCCEF492BB06DCB0027F01B /* ToDoEverydayUITests.swift in Sources */ = {isa = PBXBuildFile; fileRef = 1FCCEF482BB06DCB0027F01B /* ToDoEverydayUITests.swift */; };
		1FCCEF4B2BB06DCB0027F01B /* ToDoEverydayUITestsLaunchTests.swift in Sources */ = {isa = PBXBuildFile; fileRef = 1FCCEF4A2BB06DCB0027F01B /* ToDoEverydayUITestsLaunchTests.swift */; };
		1FCCEF592BB06F8B0027F01B /* CoreDataStack.swift in Sources */ = {isa = PBXBuildFile; fileRef = 1FCCEF582BB06F8B0027F01B /* CoreDataStack.swift */; };
		1FCCEF5B2BB078870027F01B /* TaskListCell.swift in Sources */ = {isa = PBXBuildFile; fileRef = 1FCCEF5A2BB078870027F01B /* TaskListCell.swift */; };
/* End PBXBuildFile section */

/* Begin PBXContainerItemProxy section */
		1FCCEF3B2BB06DCB0027F01B /* PBXContainerItemProxy */ = {
			isa = PBXContainerItemProxy;
			containerPortal = 1FCCEF192BB06DCA0027F01B /* Project object */;
			proxyType = 1;
			remoteGlobalIDString = 1FCCEF202BB06DCA0027F01B;
			remoteInfo = ToDoEveryday;
		};
		1FCCEF452BB06DCB0027F01B /* PBXContainerItemProxy */ = {
			isa = PBXContainerItemProxy;
			containerPortal = 1FCCEF192BB06DCA0027F01B /* Project object */;
			proxyType = 1;
			remoteGlobalIDString = 1FCCEF202BB06DCA0027F01B;
			remoteInfo = ToDoEveryday;
		};
/* End PBXContainerItemProxy section */

/* Begin PBXFileReference section */
		1FCCEF212BB06DCA0027F01B /* ToDoEveryday.app */ = {isa = PBXFileReference; explicitFileType = wrapper.application; includeInIndex = 0; path = ToDoEveryday.app; sourceTree = BUILT_PRODUCTS_DIR; };
		1FCCEF242BB06DCA0027F01B /* AppDelegate.swift */ = {isa = PBXFileReference; lastKnownFileType = sourcecode.swift; path = AppDelegate.swift; sourceTree = "<group>"; };
		1FCCEF262BB06DCA0027F01B /* SceneDelegate.swift */ = {isa = PBXFileReference; lastKnownFileType = sourcecode.swift; path = SceneDelegate.swift; sourceTree = "<group>"; };
		1FCCEF282BB06DCA0027F01B /* ViewController.swift */ = {isa = PBXFileReference; lastKnownFileType = sourcecode.swift; path = ViewController.swift; sourceTree = "<group>"; };
		1FCCEF2B2BB06DCA0027F01B /* Base */ = {isa = PBXFileReference; lastKnownFileType = file.storyboard; name = Base; path = Base.lproj/Main.storyboard; sourceTree = "<group>"; };
		1FCCEF2E2BB06DCA0027F01B /* ToDoEveryday.xcdatamodel */ = {isa = PBXFileReference; lastKnownFileType = wrapper.xcdatamodel; path = ToDoEveryday.xcdatamodel; sourceTree = "<group>"; };
		1FCCEF302BB06DCB0027F01B /* Assets.xcassets */ = {isa = PBXFileReference; lastKnownFileType = folder.assetcatalog; path = Assets.xcassets; sourceTree = "<group>"; };
		1FCCEF332BB06DCB0027F01B /* Base */ = {isa = PBXFileReference; lastKnownFileType = file.storyboard; name = Base; path = Base.lproj/LaunchScreen.storyboard; sourceTree = "<group>"; };
		1FCCEF352BB06DCB0027F01B /* Info.plist */ = {isa = PBXFileReference; lastKnownFileType = text.plist.xml; path = Info.plist; sourceTree = "<group>"; };
		1FCCEF3A2BB06DCB0027F01B /* ToDoEverydayTests.xctest */ = {isa = PBXFileReference; explicitFileType = wrapper.cfbundle; includeInIndex = 0; path = ToDoEverydayTests.xctest; sourceTree = BUILT_PRODUCTS_DIR; };
		1FCCEF3E2BB06DCB0027F01B /* ToDoEverydayTests.swift */ = {isa = PBXFileReference; lastKnownFileType = sourcecode.swift; path = ToDoEverydayTests.swift; sourceTree = "<group>"; };
		1FCCEF442BB06DCB0027F01B /* ToDoEverydayUITests.xctest */ = {isa = PBXFileReference; explicitFileType = wrapper.cfbundle; includeInIndex = 0; path = ToDoEverydayUITests.xctest; sourceTree = BUILT_PRODUCTS_DIR; };
		1FCCEF482BB06DCB0027F01B /* ToDoEverydayUITests.swift */ = {isa = PBXFileReference; lastKnownFileType = sourcecode.swift; path = ToDoEverydayUITests.swift; sourceTree = "<group>"; };
		1FCCEF4A2BB06DCB0027F01B /* ToDoEverydayUITestsLaunchTests.swift */ = {isa = PBXFileReference; lastKnownFileType = sourcecode.swift; path = ToDoEverydayUITestsLaunchTests.swift; sourceTree = "<group>"; };
		1FCCEF582BB06F8B0027F01B /* CoreDataStack.swift */ = {isa = PBXFileReference; lastKnownFileType = sourcecode.swift; path = CoreDataStack.swift; sourceTree = "<group>"; };
		1FCCEF5A2BB078870027F01B /* TaskListCell.swift */ = {isa = PBXFileReference; lastKnownFileType = sourcecode.swift; path = TaskListCell.swift; sourceTree = "<group>"; };
/* End PBXFileReference section */

/* Begin PBXFrameworksBuildPhase section */
		1FCCEF1E2BB06DCA0027F01B /* Frameworks */ = {
			isa = PBXFrameworksBuildPhase;
			buildActionMask = 2147483647;
			files = (
			);
			runOnlyForDeploymentPostprocessing = 0;
		};
		1FCCEF372BB06DCB0027F01B /* Frameworks */ = {
			isa = PBXFrameworksBuildPhase;
			buildActionMask = 2147483647;
			files = (
			);
			runOnlyForDeploymentPostprocessing = 0;
		};
		1FCCEF412BB06DCB0027F01B /* Frameworks */ = {
			isa = PBXFrameworksBuildPhase;
			buildActionMask = 2147483647;
			files = (
			);
			runOnlyForDeploymentPostprocessing = 0;
		};
/* End PBXFrameworksBuildPhase section */

/* Begin PBXGroup section */
		1FCCEF182BB06DCA0027F01B = {
			isa = PBXGroup;
			children = (
				1FCCEF232BB06DCA0027F01B /* ToDoEveryday */,
				1FCCEF3D2BB06DCB0027F01B /* ToDoEverydayTests */,
				1FCCEF472BB06DCB0027F01B /* ToDoEverydayUITests */,
				1FCCEF222BB06DCA0027F01B /* Products */,
			);
			sourceTree = "<group>";
		};
		1FCCEF222BB06DCA0027F01B /* Products */ = {
			isa = PBXGroup;
			children = (
				1FCCEF212BB06DCA0027F01B /* ToDoEveryday.app */,
				1FCCEF3A2BB06DCB0027F01B /* ToDoEverydayTests.xctest */,
				1FCCEF442BB06DCB0027F01B /* ToDoEverydayUITests.xctest */,
			);
			name = Products;
			sourceTree = "<group>";
		};
		1FCCEF232BB06DCA0027F01B /* ToDoEveryday */ = {
			isa = PBXGroup;
			children = (
				1FCCEF5C2BB0788F0027F01B /* TastList */,
				1FCCEF572BB06F6D0027F01B /* CoreDataStorageModule */,
				1FCCEF242BB06DCA0027F01B /* AppDelegate.swift */,
				1FCCEF262BB06DCA0027F01B /* SceneDelegate.swift */,
				1FCCEF2A2BB06DCA0027F01B /* Main.storyboard */,
				1FCCEF302BB06DCB0027F01B /* Assets.xcassets */,
				1FCCEF322BB06DCB0027F01B /* LaunchScreen.storyboard */,
				1FCCEF352BB06DCB0027F01B /* Info.plist */,
				1FCCEF2D2BB06DCA0027F01B /* ToDoEveryday.xcdatamodeld */,
			);
			path = ToDoEveryday;
			sourceTree = "<group>";
		};
		1FCCEF3D2BB06DCB0027F01B /* ToDoEverydayTests */ = {
			isa = PBXGroup;
			children = (
				1FCCEF3E2BB06DCB0027F01B /* ToDoEverydayTests.swift */,
			);
			path = ToDoEverydayTests;
			sourceTree = "<group>";
		};
		1FCCEF472BB06DCB0027F01B /* ToDoEverydayUITests */ = {
			isa = PBXGroup;
			children = (
				1FCCEF482BB06DCB0027F01B /* ToDoEverydayUITests.swift */,
				1FCCEF4A2BB06DCB0027F01B /* ToDoEverydayUITestsLaunchTests.swift */,
			);
			path = ToDoEverydayUITests;
			sourceTree = "<group>";
		};
		1FCCEF572BB06F6D0027F01B /* CoreDataStorageModule */ = {
			isa = PBXGroup;
			children = (
				1FCCEF582BB06F8B0027F01B /* CoreDataStack.swift */,
			);
			path = CoreDataStorageModule;
			sourceTree = "<group>";
		};
		1FCCEF5C2BB0788F0027F01B /* TastList */ = {
			isa = PBXGroup;
			children = (
				1FCCEF5A2BB078870027F01B /* TaskListCell.swift */,
				1FCCEF282BB06DCA0027F01B /* ViewController.swift */,
			);
			path = TastList;
			sourceTree = "<group>";
		};
/* End PBXGroup section */

/* Begin PBXNativeTarget section */
		1FCCEF202BB06DCA0027F01B /* ToDoEveryday */ = {
			isa = PBXNativeTarget;
			buildConfigurationList = 1FCCEF4E2BB06DCB0027F01B /* Build configuration list for PBXNativeTarget "ToDoEveryday" */;
			buildPhases = (
				1FCCEF1D2BB06DCA0027F01B /* Sources */,
				1FCCEF1E2BB06DCA0027F01B /* Frameworks */,
				1FCCEF1F2BB06DCA0027F01B /* Resources */,
			);
			buildRules = (
			);
			dependencies = (
			);
			name = ToDoEveryday;
			productName = ToDoEveryday;
			productReference = 1FCCEF212BB06DCA0027F01B /* ToDoEveryday.app */;
			productType = "com.apple.product-type.application";
		};
		1FCCEF392BB06DCB0027F01B /* ToDoEverydayTests */ = {
			isa = PBXNativeTarget;
			buildConfigurationList = 1FCCEF512BB06DCB0027F01B /* Build configuration list for PBXNativeTarget "ToDoEverydayTests" */;
			buildPhases = (
				1FCCEF362BB06DCB0027F01B /* Sources */,
				1FCCEF372BB06DCB0027F01B /* Frameworks */,
				1FCCEF382BB06DCB0027F01B /* Resources */,
			);
			buildRules = (
			);
			dependencies = (
				1FCCEF3C2BB06DCB0027F01B /* PBXTargetDependency */,
			);
			name = ToDoEverydayTests;
			productName = ToDoEverydayTests;
			productReference = 1FCCEF3A2BB06DCB0027F01B /* ToDoEverydayTests.xctest */;
			productType = "com.apple.product-type.bundle.unit-test";
		};
		1FCCEF432BB06DCB0027F01B /* ToDoEverydayUITests */ = {
			isa = PBXNativeTarget;
			buildConfigurationList = 1FCCEF542BB06DCB0027F01B /* Build configuration list for PBXNativeTarget "ToDoEverydayUITests" */;
			buildPhases = (
				1FCCEF402BB06DCB0027F01B /* Sources */,
				1FCCEF412BB06DCB0027F01B /* Frameworks */,
				1FCCEF422BB06DCB0027F01B /* Resources */,
			);
			buildRules = (
			);
			dependencies = (
				1FCCEF462BB06DCB0027F01B /* PBXTargetDependency */,
			);
			name = ToDoEverydayUITests;
			productName = ToDoEverydayUITests;
			productReference = 1FCCEF442BB06DCB0027F01B /* ToDoEverydayUITests.xctest */;
			productType = "com.apple.product-type.bundle.ui-testing";
		};
/* End PBXNativeTarget section */

/* Begin PBXProject section */
		1FCCEF192BB06DCA0027F01B /* Project object */ = {
			isa = PBXProject;
			attributes = {
				BuildIndependentTargetsInParallel = 1;
				LastSwiftUpdateCheck = 1530;
				LastUpgradeCheck = 1530;
				TargetAttributes = {
					1FCCEF202BB06DCA0027F01B = {
						CreatedOnToolsVersion = 15.3;
					};
					1FCCEF392BB06DCB0027F01B = {
						CreatedOnToolsVersion = 15.3;
						TestTargetID = 1FCCEF202BB06DCA0027F01B;
					};
					1FCCEF432BB06DCB0027F01B = {
						CreatedOnToolsVersion = 15.3;
						TestTargetID = 1FCCEF202BB06DCA0027F01B;
					};
				};
			};
			buildConfigurationList = 1FCCEF1C2BB06DCA0027F01B /* Build configuration list for PBXProject "ToDoEveryday" */;
			compatibilityVersion = "Xcode 14.0";
			developmentRegion = en;
			hasScannedForEncodings = 0;
			knownRegions = (
				en,
				Base,
			);
			mainGroup = 1FCCEF182BB06DCA0027F01B;
			productRefGroup = 1FCCEF222BB06DCA0027F01B /* Products */;
			projectDirPath = "";
			projectRoot = "";
			targets = (
				1FCCEF202BB06DCA0027F01B /* ToDoEveryday */,
				1FCCEF392BB06DCB0027F01B /* ToDoEverydayTests */,
				1FCCEF432BB06DCB0027F01B /* ToDoEverydayUITests */,
			);
		};
/* End PBXProject section */

/* Begin PBXResourcesBuildPhase section */
		1FCCEF1F2BB06DCA0027F01B /* Resources */ = {
			isa = PBXResourcesBuildPhase;
			buildActionMask = 2147483647;
			files = (
				1FCCEF312BB06DCB0027F01B /* Assets.xcassets in Resources */,
				1FCCEF342BB06DCB0027F01B /* Base in Resources */,
				1FCCEF2C2BB06DCA0027F01B /* Base in Resources */,
			);
			runOnlyForDeploymentPostprocessing = 0;
		};
		1FCCEF382BB06DCB0027F01B /* Resources */ = {
			isa = PBXResourcesBuildPhase;
			buildActionMask = 2147483647;
			files = (
			);
			runOnlyForDeploymentPostprocessing = 0;
		};
		1FCCEF422BB06DCB0027F01B /* Resources */ = {
			isa = PBXResourcesBuildPhase;
			buildActionMask = 2147483647;
			files = (
			);
			runOnlyForDeploymentPostprocessing = 0;
		};
/* End PBXResourcesBuildPhase section */

/* Begin PBXSourcesBuildPhase section */
		1FCCEF1D2BB06DCA0027F01B /* Sources */ = {
			isa = PBXSourcesBuildPhase;
			buildActionMask = 2147483647;
			files = (
				1FCCEF5B2BB078870027F01B /* TaskListCell.swift in Sources */,
				1FCCEF592BB06F8B0027F01B /* CoreDataStack.swift in Sources */,
				1FCCEF2F2BB06DCA0027F01B /* ToDoEveryday.xcdatamodeld in Sources */,
				1FCCEF292BB06DCA0027F01B /* ViewController.swift in Sources */,
				1FCCEF252BB06DCA0027F01B /* AppDelegate.swift in Sources */,
				1FCCEF272BB06DCA0027F01B /* SceneDelegate.swift in Sources */,
			);
			runOnlyForDeploymentPostprocessing = 0;
		};
		1FCCEF362BB06DCB0027F01B /* Sources */ = {
			isa = PBXSourcesBuildPhase;
			buildActionMask = 2147483647;
			files = (
				1FCCEF3F2BB06DCB0027F01B /* ToDoEverydayTests.swift in Sources */,
			);
			runOnlyForDeploymentPostprocessing = 0;
		};
		1FCCEF402BB06DCB0027F01B /* Sources */ = {
			isa = PBXSourcesBuildPhase;
			buildActionMask = 2147483647;
			files = (
				1FCCEF492BB06DCB0027F01B /* ToDoEverydayUITests.swift in Sources */,
				1FCCEF4B2BB06DCB0027F01B /* ToDoEverydayUITestsLaunchTests.swift in Sources */,
			);
			runOnlyForDeploymentPostprocessing = 0;
		};
/* End PBXSourcesBuildPhase section */

/* Begin PBXTargetDependency section */
		1FCCEF3C2BB06DCB0027F01B /* PBXTargetDependency */ = {
			isa = PBXTargetDependency;
			target = 1FCCEF202BB06DCA0027F01B /* ToDoEveryday */;
			targetProxy = 1FCCEF3B2BB06DCB0027F01B /* PBXContainerItemProxy */;
		};
		1FCCEF462BB06DCB0027F01B /* PBXTargetDependency */ = {
			isa = PBXTargetDependency;
			target = 1FCCEF202BB06DCA0027F01B /* ToDoEveryday */;
			targetProxy = 1FCCEF452BB06DCB0027F01B /* PBXContainerItemProxy */;
		};
/* End PBXTargetDependency section */

/* Begin PBXVariantGroup section */
		1FCCEF2A2BB06DCA0027F01B /* Main.storyboard */ = {
			isa = PBXVariantGroup;
			children = (
				1FCCEF2B2BB06DCA0027F01B /* Base */,
			);
			name = Main.storyboard;
			sourceTree = "<group>";
		};
		1FCCEF322BB06DCB0027F01B /* LaunchScreen.storyboard */ = {
			isa = PBXVariantGroup;
			children = (
				1FCCEF332BB06DCB0027F01B /* Base */,
			);
			name = LaunchScreen.storyboard;
			sourceTree = "<group>";
		};
/* End PBXVariantGroup section */

/* Begin XCBuildConfiguration section */
		1FCCEF4C2BB06DCB0027F01B /* Debug */ = {
			isa = XCBuildConfiguration;
			buildSettings = {
				ALWAYS_SEARCH_USER_PATHS = NO;
				ASSETCATALOG_COMPILER_GENERATE_SWIFT_ASSET_SYMBOL_EXTENSIONS = YES;
				CLANG_ANALYZER_NONNULL = YES;
				CLANG_ANALYZER_NUMBER_OBJECT_CONVERSION = YES_AGGRESSIVE;
				CLANG_CXX_LANGUAGE_STANDARD = "gnu++20";
				CLANG_ENABLE_MODULES = YES;
				CLANG_ENABLE_OBJC_ARC = YES;
				CLANG_ENABLE_OBJC_WEAK = YES;
				CLANG_WARN_BLOCK_CAPTURE_AUTORELEASING = YES;
				CLANG_WARN_BOOL_CONVERSION = YES;
				CLANG_WARN_COMMA = YES;
				CLANG_WARN_CONSTANT_CONVERSION = YES;
				CLANG_WARN_DEPRECATED_OBJC_IMPLEMENTATIONS = YES;
				CLANG_WARN_DIRECT_OBJC_ISA_USAGE = YES_ERROR;
				CLANG_WARN_DOCUMENTATION_COMMENTS = YES;
				CLANG_WARN_EMPTY_BODY = YES;
				CLANG_WARN_ENUM_CONVERSION = YES;
				CLANG_WARN_INFINITE_RECURSION = YES;
				CLANG_WARN_INT_CONVERSION = YES;
				CLANG_WARN_NON_LITERAL_NULL_CONVERSION = YES;
				CLANG_WARN_OBJC_IMPLICIT_RETAIN_SELF = YES;
				CLANG_WARN_OBJC_LITERAL_CONVERSION = YES;
				CLANG_WARN_OBJC_ROOT_CLASS = YES_ERROR;
				CLANG_WARN_QUOTED_INCLUDE_IN_FRAMEWORK_HEADER = YES;
				CLANG_WARN_RANGE_LOOP_ANALYSIS = YES;
				CLANG_WARN_STRICT_PROTOTYPES = YES;
				CLANG_WARN_SUSPICIOUS_MOVE = YES;
				CLANG_WARN_UNGUARDED_AVAILABILITY = YES_AGGRESSIVE;
				CLANG_WARN_UNREACHABLE_CODE = YES;
				CLANG_WARN__DUPLICATE_METHOD_MATCH = YES;
				COPY_PHASE_STRIP = NO;
				DEBUG_INFORMATION_FORMAT = dwarf;
				ENABLE_STRICT_OBJC_MSGSEND = YES;
				ENABLE_TESTABILITY = YES;
				ENABLE_USER_SCRIPT_SANDBOXING = YES;
				GCC_C_LANGUAGE_STANDARD = gnu17;
				GCC_DYNAMIC_NO_PIC = NO;
				GCC_NO_COMMON_BLOCKS = YES;
				GCC_OPTIMIZATION_LEVEL = 0;
				GCC_PREPROCESSOR_DEFINITIONS = (
					"DEBUG=1",
					"$(inherited)",
				);
				GCC_WARN_64_TO_32_BIT_CONVERSION = YES;
				GCC_WARN_ABOUT_RETURN_TYPE = YES_ERROR;
				GCC_WARN_UNDECLARED_SELECTOR = YES;
				GCC_WARN_UNINITIALIZED_AUTOS = YES_AGGRESSIVE;
				GCC_WARN_UNUSED_FUNCTION = YES;
				GCC_WARN_UNUSED_VARIABLE = YES;
				IPHONEOS_DEPLOYMENT_TARGET = 17.4;
				LOCALIZATION_PREFERS_STRING_CATALOGS = YES;
				MTL_ENABLE_DEBUG_INFO = INCLUDE_SOURCE;
				MTL_FAST_MATH = YES;
				ONLY_ACTIVE_ARCH = YES;
				SDKROOT = iphoneos;
				SWIFT_ACTIVE_COMPILATION_CONDITIONS = "DEBUG $(inherited)";
				SWIFT_OPTIMIZATION_LEVEL = "-Onone";
			};
			name = Debug;
		};
		1FCCEF4D2BB06DCB0027F01B /* Release */ = {
			isa = XCBuildConfiguration;
			buildSettings = {
				ALWAYS_SEARCH_USER_PATHS = NO;
				ASSETCATALOG_COMPILER_GENERATE_SWIFT_ASSET_SYMBOL_EXTENSIONS = YES;
				CLANG_ANALYZER_NONNULL = YES;
				CLANG_ANALYZER_NUMBER_OBJECT_CONVERSION = YES_AGGRESSIVE;
				CLANG_CXX_LANGUAGE_STANDARD = "gnu++20";
				CLANG_ENABLE_MODULES = YES;
				CLANG_ENABLE_OBJC_ARC = YES;
				CLANG_ENABLE_OBJC_WEAK = YES;
				CLANG_WARN_BLOCK_CAPTURE_AUTORELEASING = YES;
				CLANG_WARN_BOOL_CONVERSION = YES;
				CLANG_WARN_COMMA = YES;
				CLANG_WARN_CONSTANT_CONVERSION = YES;
				CLANG_WARN_DEPRECATED_OBJC_IMPLEMENTATIONS = YES;
				CLANG_WARN_DIRECT_OBJC_ISA_USAGE = YES_ERROR;
				CLANG_WARN_DOCUMENTATION_COMMENTS = YES;
				CLANG_WARN_EMPTY_BODY = YES;
				CLANG_WARN_ENUM_CONVERSION = YES;
				CLANG_WARN_INFINITE_RECURSION = YES;
				CLANG_WARN_INT_CONVERSION = YES;
				CLANG_WARN_NON_LITERAL_NULL_CONVERSION = YES;
				CLANG_WARN_OBJC_IMPLICIT_RETAIN_SELF = YES;
				CLANG_WARN_OBJC_LITERAL_CONVERSION = YES;
				CLANG_WARN_OBJC_ROOT_CLASS = YES_ERROR;
				CLANG_WARN_QUOTED_INCLUDE_IN_FRAMEWORK_HEADER = YES;
				CLANG_WARN_RANGE_LOOP_ANALYSIS = YES;
				CLANG_WARN_STRICT_PROTOTYPES = YES;
				CLANG_WARN_SUSPICIOUS_MOVE = YES;
				CLANG_WARN_UNGUARDED_AVAILABILITY = YES_AGGRESSIVE;
				CLANG_WARN_UNREACHABLE_CODE = YES;
				CLANG_WARN__DUPLICATE_METHOD_MATCH = YES;
				COPY_PHASE_STRIP = NO;
				DEBUG_INFORMATION_FORMAT = "dwarf-with-dsym";
				ENABLE_NS_ASSERTIONS = NO;
				ENABLE_STRICT_OBJC_MSGSEND = YES;
				ENABLE_USER_SCRIPT_SANDBOXING = YES;
				GCC_C_LANGUAGE_STANDARD = gnu17;
				GCC_NO_COMMON_BLOCKS = YES;
				GCC_WARN_64_TO_32_BIT_CONVERSION = YES;
				GCC_WARN_ABOUT_RETURN_TYPE = YES_ERROR;
				GCC_WARN_UNDECLARED_SELECTOR = YES;
				GCC_WARN_UNINITIALIZED_AUTOS = YES_AGGRESSIVE;
				GCC_WARN_UNUSED_FUNCTION = YES;
				GCC_WARN_UNUSED_VARIABLE = YES;
				IPHONEOS_DEPLOYMENT_TARGET = 17.4;
				LOCALIZATION_PREFERS_STRING_CATALOGS = YES;
				MTL_ENABLE_DEBUG_INFO = NO;
				MTL_FAST_MATH = YES;
				SDKROOT = iphoneos;
				SWIFT_COMPILATION_MODE = wholemodule;
				VALIDATE_PRODUCT = YES;
			};
			name = Release;
		};
		1FCCEF4F2BB06DCB0027F01B /* Debug */ = {
			isa = XCBuildConfiguration;
			buildSettings = {
				ASSETCATALOG_COMPILER_APPICON_NAME = AppIcon;
				ASSETCATALOG_COMPILER_GLOBAL_ACCENT_COLOR_NAME = AccentColor;
				CODE_SIGN_STYLE = Automatic;
				CURRENT_PROJECT_VERSION = 1;
				GENERATE_INFOPLIST_FILE = YES;
				INFOPLIST_FILE = ToDoEveryday/Info.plist;
				INFOPLIST_KEY_UIApplicationSupportsIndirectInputEvents = YES;
				INFOPLIST_KEY_UILaunchStoryboardName = LaunchScreen;
				INFOPLIST_KEY_UIMainStoryboardFile = Main;
				INFOPLIST_KEY_UISupportedInterfaceOrientations_iPad = "UIInterfaceOrientationPortrait UIInterfaceOrientationPortraitUpsideDown UIInterfaceOrientationLandscapeLeft UIInterfaceOrientationLandscapeRight";
				INFOPLIST_KEY_UISupportedInterfaceOrientations_iPhone = "UIInterfaceOrientationPortrait UIInterfaceOrientationLandscapeLeft UIInterfaceOrientationLandscapeRight";
				LD_RUNPATH_SEARCH_PATHS = (
					"$(inherited)",
					"@executable_path/Frameworks",
				);
				MARKETING_VERSION = 1.0;
				PRODUCT_BUNDLE_IDENTIFIER = com.siyaram.com.ToDoEveryday;
				PRODUCT_NAME = "$(TARGET_NAME)";
				SWIFT_EMIT_LOC_STRINGS = YES;
				SWIFT_VERSION = 5.0;
				TARGETED_DEVICE_FAMILY = "1,2";
			};
			name = Debug;
		};
		1FCCEF502BB06DCB0027F01B /* Release */ = {
			isa = XCBuildConfiguration;
			buildSettings = {
				ASSETCATALOG_COMPILER_APPICON_NAME = AppIcon;
				ASSETCATALOG_COMPILER_GLOBAL_ACCENT_COLOR_NAME = AccentColor;
				CODE_SIGN_STYLE = Automatic;
				CURRENT_PROJECT_VERSION = 1;
				GENERATE_INFOPLIST_FILE = YES;
				INFOPLIST_FILE = ToDoEveryday/Info.plist;
				INFOPLIST_KEY_UIApplicationSupportsIndirectInputEvents = YES;
				INFOPLIST_KEY_UILaunchStoryboardName = LaunchScreen;
				INFOPLIST_KEY_UIMainStoryboardFile = Main;
				INFOPLIST_KEY_UISupportedInterfaceOrientations_iPad = "UIInterfaceOrientationPortrait UIInterfaceOrientationPortraitUpsideDown UIInterfaceOrientationLandscapeLeft UIInterfaceOrientationLandscapeRight";
				INFOPLIST_KEY_UISupportedInterfaceOrientations_iPhone = "UIInterfaceOrientationPortrait UIInterfaceOrientationLandscapeLeft UIInterfaceOrientationLandscapeRight";
				LD_RUNPATH_SEARCH_PATHS = (
					"$(inherited)",
					"@executable_path/Frameworks",
				);
				MARKETING_VERSION = 1.0;
				PRODUCT_BUNDLE_IDENTIFIER = com.siyaram.com.ToDoEveryday;
				PRODUCT_NAME = "$(TARGET_NAME)";
				SWIFT_EMIT_LOC_STRINGS = YES;
				SWIFT_VERSION = 5.0;
				TARGETED_DEVICE_FAMILY = "1,2";
			};
			name = Release;
		};
		1FCCEF522BB06DCB0027F01B /* Debug */ = {
			isa = XCBuildConfiguration;
			buildSettings = {
				ALWAYS_EMBED_SWIFT_STANDARD_LIBRARIES = YES;
				BUNDLE_LOADER = "$(TEST_HOST)";
				CODE_SIGN_STYLE = Automatic;
				CURRENT_PROJECT_VERSION = 1;
				GENERATE_INFOPLIST_FILE = YES;
				IPHONEOS_DEPLOYMENT_TARGET = 17.4;
				MARKETING_VERSION = 1.0;
				PRODUCT_BUNDLE_IDENTIFIER = com.siyaram.com.ToDoEverydayTests;
				PRODUCT_NAME = "$(TARGET_NAME)";
				SWIFT_EMIT_LOC_STRINGS = NO;
				SWIFT_VERSION = 5.0;
				TARGETED_DEVICE_FAMILY = "1,2";
				TEST_HOST = "$(BUILT_PRODUCTS_DIR)/ToDoEveryday.app/$(BUNDLE_EXECUTABLE_FOLDER_PATH)/ToDoEveryday";
			};
			name = Debug;
		};
		1FCCEF532BB06DCB0027F01B /* Release */ = {
			isa = XCBuildConfiguration;
			buildSettings = {
				ALWAYS_EMBED_SWIFT_STANDARD_LIBRARIES = YES;
				BUNDLE_LOADER = "$(TEST_HOST)";
				CODE_SIGN_STYLE = Automatic;
				CURRENT_PROJECT_VERSION = 1;
				GENERATE_INFOPLIST_FILE = YES;
				IPHONEOS_DEPLOYMENT_TARGET = 17.4;
				MARKETING_VERSION = 1.0;
				PRODUCT_BUNDLE_IDENTIFIER = com.siyaram.com.ToDoEverydayTests;
				PRODUCT_NAME = "$(TARGET_NAME)";
				SWIFT_EMIT_LOC_STRINGS = NO;
				SWIFT_VERSION = 5.0;
				TARGETED_DEVICE_FAMILY = "1,2";
				TEST_HOST = "$(BUILT_PRODUCTS_DIR)/ToDoEveryday.app/$(BUNDLE_EXECUTABLE_FOLDER_PATH)/ToDoEveryday";
			};
			name = Release;
		};
		1FCCEF552BB06DCB0027F01B /* Debug */ = {
			isa = XCBuildConfiguration;
			buildSettings = {
				ALWAYS_EMBED_SWIFT_STANDARD_LIBRARIES = YES;
				CODE_SIGN_STYLE = Automatic;
				CURRENT_PROJECT_VERSION = 1;
				GENERATE_INFOPLIST_FILE = YES;
				MARKETING_VERSION = 1.0;
				PRODUCT_BUNDLE_IDENTIFIER = com.siyaram.com.ToDoEverydayUITests;
				PRODUCT_NAME = "$(TARGET_NAME)";
				SWIFT_EMIT_LOC_STRINGS = NO;
				SWIFT_VERSION = 5.0;
				TARGETED_DEVICE_FAMILY = "1,2";
				TEST_TARGET_NAME = ToDoEveryday;
			};
			name = Debug;
		};
		1FCCEF562BB06DCB0027F01B /* Release */ = {
			isa = XCBuildConfiguration;
			buildSettings = {
				ALWAYS_EMBED_SWIFT_STANDARD_LIBRARIES = YES;
				CODE_SIGN_STYLE = Automatic;
				CURRENT_PROJECT_VERSION = 1;
				GENERATE_INFOPLIST_FILE = YES;
				MARKETING_VERSION = 1.0;
				PRODUCT_BUNDLE_IDENTIFIER = com.siyaram.com.ToDoEverydayUITests;
				PRODUCT_NAME = "$(TARGET_NAME)";
				SWIFT_EMIT_LOC_STRINGS = NO;
				SWIFT_VERSION = 5.0;
				TARGETED_DEVICE_FAMILY = "1,2";
				TEST_TARGET_NAME = ToDoEveryday;
			};
			name = Release;
		};
/* End XCBuildConfiguration section */

/* Begin XCConfigurationList section */
		1FCCEF1C2BB06DCA0027F01B /* Build configuration list for PBXProject "ToDoEveryday" */ = {
			isa = XCConfigurationList;
			buildConfigurations = (
				1FCCEF4C2BB06DCB0027F01B /* Debug */,
				1FCCEF4D2BB06DCB0027F01B /* Release */,
			);
			defaultConfigurationIsVisible = 0;
			defaultConfigurationName = Release;
		};
		1FCCEF4E2BB06DCB0027F01B /* Build configuration list for PBXNativeTarget "ToDoEveryday" */ = {
			isa = XCConfigurationList;
			buildConfigurations = (
				1FCCEF4F2BB06DCB0027F01B /* Debug */,
				1FCCEF502BB06DCB0027F01B /* Release */,
			);
			defaultConfigurationIsVisible = 0;
			defaultConfigurationName = Release;
		};
		1FCCEF512BB06DCB0027F01B /* Build configuration list for PBXNativeTarget "ToDoEverydayTests" */ = {
			isa = XCConfigurationList;
			buildConfigurations = (
				1FCCEF522BB06DCB0027F01B /* Debug */,
				1FCCEF532BB06DCB0027F01B /* Release */,
			);
			defaultConfigurationIsVisible = 0;
			defaultConfigurationName = Release;
		};
		1FCCEF542BB06DCB0027F01B /* Build configuration list for PBXNativeTarget "ToDoEverydayUITests" */ = {
			isa = XCConfigurationList;
			buildConfigurations = (
				1FCCEF552BB06DCB0027F01B /* Debug */,
				1FCCEF562BB06DCB0027F01B /* Release */,
			);
			defaultConfigurationIsVisible = 0;
			defaultConfigurationName = Release;
		};
/* End XCConfigurationList section */

/* Begin XCVersionGroup section */
		1FCCEF2D2BB06DCA0027F01B /* ToDoEveryday.xcdatamodeld */ = {
			isa = XCVersionGroup;
			children = (
				1FCCEF2E2BB06DCA0027F01B /* ToDoEveryday.xcdatamodel */,
			);
			currentVersion = 1FCCEF2E2BB06DCA0027F01B /* ToDoEveryday.xcdatamodel */;
			path = ToDoEveryday.xcdatamodeld;
			sourceTree = "<group>";
			versionGroupType = wrapper.xcdatamodel;
		};
/* End XCVersionGroup section */
	};
	rootObject = 1FCCEF192BB06DCA0027F01B /* Project object */;
}
